
Microsoft Visual Studio Solution File, Format Version 12.00
# Visual Studio Version 17
VisualStudioVersion = 17.4.33205.214
MinimumVisualStudioVersion = 10.0.40219.1
Project("{FAE04EC0-301F-11D3-BF4B-00C04F79EFBC}") = "ev tapsiriq 2", "ev tapsiriq 2\ev tapsiriq 2.csproj", "{142189A9-ED51-4E54-86A5-8AA5C54F15AB}"
EndProject
Global
	GlobalSection(SolutionConfigurationPlatforms) = preSolution
		Debug|Any CPU = Debug|Any CPU
		Release|Any CPU = Release|Any CPU
	EndGlobalSection
	GlobalSection(ProjectConfigurationPlatforms) = postSolution
		{142189A9-ED51-4E54-86A5-8AA5C54F15AB}.Debug|Any CPU.ActiveCfg = Debug|Any CPU
		{142189A9-ED51-4E54-86A5-8AA5C54F15AB}.Debug|Any CPU.Build.0 = Debug|Any CPU
		{142189A9-ED51-4E54-86A5-8AA5C54F15AB}.Release|Any CPU.ActiveCfg = Release|Any CPU
		{142189A9-ED51-4E54-86A5-8AA5C54F15AB}.Release|Any CPU.Build.0 = Release|Any CPU
	EndGlobalSection
	GlobalSection(SolutionProperties) = preSolution
		HideSolutionNode = FALSE
	EndGlobalSection
	GlobalSection(ExtensibilityGlobals) = postSolution
		SolutionGuid = {5F77CFDA-5EA8-4BF2-BA5D-F752B645B492}
	EndGlobalSection
EndGlobal
